
Microsoft Visual Studio Solution File, Format Version 12.00
# Visual Studio 15
VisualStudioVersion = 15.0.27428.2005
MinimumVisualStudioVersion = 10.0.40219.1
Project("{FAE04EC0-301F-11D3-BF4B-00C04F79EFBC}") = "Draw3DSurface", "Draw3DSurface\Draw3DSurface.csproj", "{CD7ED106-DACE-430A-8270-5EB98B29090A}"
EndProject
Global
	GlobalSection(SolutionConfigurationPlatforms) = preSolution
		Debug|Any CPU = Debug|Any CPU
		Release|Any CPU = Release|Any CPU
	EndGlobalSection
	GlobalSection(ProjectConfigurationPlatforms) = postSolution
		{CD7ED106-DACE-430A-8270-5EB98B29090A}.Debug|Any CPU.ActiveCfg = Debug|Any CPU
		{CD7ED106-DACE-430A-8270-5EB98B29090A}.Debug|Any CPU.Build.0 = Debug|Any CPU
		{CD7ED106-DACE-430A-8270-5EB98B29090A}.Release|Any CPU.ActiveCfg = Release|Any CPU
		{CD7ED106-DACE-430A-8270-5EB98B29090A}.Release|Any CPU.Build.0 = Release|Any CPU
	EndGlobalSection
	GlobalSection(SolutionProperties) = preSolution
		HideSolutionNode = FALSE
	EndGlobalSection
	GlobalSection(ExtensibilityGlobals) = postSolution
		SolutionGuid = {AC094708-B35F-4149-9F6B-12CEE2110B80}
	EndGlobalSection
EndGlobal
